
Microsoft Visual Studio Solution File, Format Version 12.00
# Visual Studio Version 17
VisualStudioVersion = 17.9.34728.123
MinimumVisualStudioVersion = 10.0.40219.1
Project("{2150E333-8FDC-42A3-9474-1A3956D46DE8}") = "Solution Items", "Solution Items", "{5926FFEE-6C08-4D3C-9E39-5210CBD3C98D}"
	ProjectSection(SolutionItems) = preProject
		.editorconfig = .editorconfig
	EndProjectSection
EndProject
Project("{8BC9CEB8-8B4A-11D0-8D11-00A0C91BC942}") = "Forktale", "..\..\exp\forkTale_re\forkTale_re\forkTale_re.vcxproj", "{4B82B671-0464-49C3-B1A0-AAA5C8D842E2}"
EndProject
Global
	GlobalSection(SolutionConfigurationPlatforms) = preSolution
		Debug|x64 = Debug|x64
		Debug|x86 = Debug|x86
		Release|x64 = Release|x64
		Release|x86 = Release|x86
	EndGlobalSection
	GlobalSection(ProjectConfigurationPlatforms) = postSolution
		{4B82B671-0464-49C3-B1A0-AAA5C8D842E2}.Debug|x64.ActiveCfg = Debug|x64
		{4B82B671-0464-49C3-B1A0-AAA5C8D842E2}.Debug|x64.Build.0 = Debug|x64
		{4B82B671-0464-49C3-B1A0-AAA5C8D842E2}.Debug|x86.ActiveCfg = Debug|Win32
		{4B82B671-0464-49C3-B1A0-AAA5C8D842E2}.Debug|x86.Build.0 = Debug|Win32
		{4B82B671-0464-49C3-B1A0-AAA5C8D842E2}.Release|x64.ActiveCfg = Release|x64
		{4B82B671-0464-49C3-B1A0-AAA5C8D842E2}.Release|x64.Build.0 = Release|x64
		{4B82B671-0464-49C3-B1A0-AAA5C8D842E2}.Release|x86.ActiveCfg = Release|Win32
		{4B82B671-0464-49C3-B1A0-AAA5C8D842E2}.Release|x86.Build.0 = Release|Win32
	EndGlobalSection
	GlobalSection(SolutionProperties) = preSolution
		HideSolutionNode = FALSE
	EndGlobalSection
	GlobalSection(ExtensibilityGlobals) = postSolution
		SolutionGuid = {FFE3E88D-BEFD-4D37-98D5-649D7AE652B9}
	EndGlobalSection
EndGlobal
