<?xml version="1.0" encoding="utf-8"?>
<Project ToolsVersion="4.0" xmlns="http://schemas.microsoft.com/developer/msbuild/2003">
  <ItemGroup>
    <Filter Include="소스 파일">
      <UniqueIdentifier>{4FC737F1-C7A5-4376-A066-2A32D752A2FF}</UniqueIdentifier>
      <Extensions>cpp;c;cc;cxx;c++;cppm;ixx;def;odl;idl;hpj;bat;asm;asmx</Extensions>
    </Filter>
    <Filter Include="헤더 파일">
      <UniqueIdentifier>{93995380-89BD-4b04-88EB-625FBE52EBFB}</UniqueIdentifier>
      <Extensions>h;hh;hpp;hxx;h++;hm;inl;inc;ipp;xsd</Extensions>
    </Filter>
    <Filter Include="리소스 파일">
      <UniqueIdentifier>{67DA6AB6-F800-4c08-8B7A-83BB121AAD01}</UniqueIdentifier>
      <Extensions>rc;ico;cur;bmp;dlg;rc2;rct;bin;rgs;gif;jpg;jpeg;jpe;resx;tiff;tif;png;wav;mfcribbon-ms</Extensions>
    </Filter>
    <Filter Include="소스 파일\Stage3">
      <UniqueIdentifier>{48163944-55b5-42a5-97d6-74bffd621e84}</UniqueIdentifier>
    </Filter>
    <Filter Include="헤더 파일\Stage3">
      <UniqueIdentifier>{8aee09a6-b119-44cb-b518-00ce83e1414e}</UniqueIdentifier>
    </Filter>
    <Filter Include="소스 파일\Main">
      <UniqueIdentifier>{1acda4d5-e780-454d-b3e0-fec89b263a5d}</UniqueIdentifier>
    </Filter>
    <Filter Include="소스 파일\Stage1">
      <UniqueIdentifier>{ed1ffdae-1da1-49ea-a0a9-1bef4d4473ab}</UniqueIdentifier>
    </Filter>
    <Filter Include="소스 파일\Stage2">
      <UniqueIdentifier>{88436622-7458-4c01-bc94-53226572ba72}</UniqueIdentifier>
    </Filter>
    <Filter Include="헤더 파일\Main">
      <UniqueIdentifier>{155e6146-f272-4b6c-ac30-2408c1f8426a}</UniqueIdentifier>
    </Filter>
    <Filter Include="헤더 파일\Stage1">
      <UniqueIdentifier>{2dd16e7a-e20d-4d9f-9bf1-bed558683258}</UniqueIdentifier>
    </Filter>
    <Filter Include="헤더 파일\Stage2">
      <UniqueIdentifier>{9ead30c2-93b1-4041-b24c-bc8d7ae4c129}</UniqueIdentifier>
    </Filter>
  </ItemGroup>
  <ItemGroup>
    <ClInclude Include="Creature.h">
      <Filter>헤더 파일</Filter>
    </ClInclude>
    <ClInclude Include="Creature_stage3.h">
      <Filter>헤더 파일\Stage3</Filter>
    </ClInclude>
    <ClInclude Include="Phase_stage3.h">
      <Filter>헤더 파일\Stage3</Filter>
    </ClInclude>
    <ClInclude Include="Game.h">
      <Filter>헤더 파일</Filter>
    </ClInclude>
    <ClInclude Include="Creature_stage1.h">
      <Filter>헤더 파일\Stage1</Filter>
    </ClInclude>
    <ClInclude Include="Phase_stage1.h">
      <Filter>헤더 파일\Stage1</Filter>
    </ClInclude>
    <ClInclude Include="Creature_stage2.h">
      <Filter>헤더 파일\Stage2</Filter>
    </ClInclude>
    <ClInclude Include="Phase_stage2.h">
      <Filter>헤더 파일\Stage2</Filter>
    </ClInclude>
    <ClInclude Include="Phase_Ending.h">
      <Filter>헤더 파일\Main</Filter>
    </ClInclude>
    <ClInclude Include="Phase_Gallery.h">
      <Filter>헤더 파일\Main</Filter>
    </ClInclude>
    <ClInclude Include="Phase_Intro.h">
      <Filter>헤더 파일\Main</Filter>
    </ClInclude>
  </ItemGroup>
  <ItemGroup>
    <ClCompile Include="main.cpp">
      <Filter>소스 파일</Filter>
    </ClCompile>
    <ClCompile Include="Creature_stage3.cpp">
      <Filter>소스 파일\Stage3</Filter>
    </ClCompile>
    <ClCompile Include="Phase_stage3.cpp">
      <Filter>소스 파일\Stage3</Filter>
    </ClCompile>
    <ClCompile Include="Game.cpp">
      <Filter>소스 파일</Filter>
    </ClCompile>
    <ClCompile Include="Phase_Ending.cpp">
      <Filter>소스 파일\Main</Filter>
    </ClCompile>
    <ClCompile Include="Phase_Gallery.cpp">
      <Filter>소스 파일\Main</Filter>
    </ClCompile>
    <ClCompile Include="Phase_Intro.cpp">
      <Filter>소스 파일\Main</Filter>
    </ClCompile>
    <ClCompile Include="Phase_stage2.cpp">
      <Filter>소스 파일\Stage2</Filter>
    </ClCompile>
    <ClCompile Include="Creature_stage2.cpp">
      <Filter>소스 파일\Stage2</Filter>
    </ClCompile>
    <ClCompile Include="Phase_stage1.cpp">
      <Filter>소스 파일\Stage1</Filter>
    </ClCompile>
    <ClCompile Include="Creature_stage1.cpp">
      <Filter>소스 파일\Stage1</Filter>
    </ClCompile>
  </ItemGroup>
</Project>